// !$*UTF8*$!
{
	archiveVersion = 1;
	classes = {
	};
	objectVersion = 51;
	objects = {

/* Begin PBXBuildFile section */
		6956E49423C61B360042697E /* AppDelegate.swift in Sources */ = {isa = PBXBuildFile; fileRef = 6956E49323C61B360042697E /* AppDelegate.swift */; };
		6956E49623C61B360042697E /* SceneDelegate.swift in Sources */ = {isa = PBXBuildFile; fileRef = 6956E49523C61B360042697E /* SceneDelegate.swift */; };
		6956E49823C61B360042697E /* LoginViewController.swift in Sources */ = {isa = PBXBuildFile; fileRef = 6956E49723C61B360042697E /* LoginViewController.swift */; };
		6956E49B23C61B360042697E /* Main.storyboard in Resources */ = {isa = PBXBuildFile; fileRef = 6956E49923C61B360042697E /* Main.storyboard */; };
		6956E49D23C61B370042697E /* Assets.xcassets in Resources */ = {isa = PBXBuildFile; fileRef = 6956E49C23C61B370042697E /* Assets.xcassets */; };
		6956E4A023C61B370042697E /* LaunchScreen.storyboard in Resources */ = {isa = PBXBuildFile; fileRef = 6956E49E23C61B370042697E /* LaunchScreen.storyboard */; };
		6956E4A823C61FCC0042697E /* GoogleService-Info.plist in Resources */ = {isa = PBXBuildFile; fileRef = 6956E4A723C61FCC0042697E /* GoogleService-Info.plist */; };
		6997A1F9247D495000E443C8 /* UserListCell.swift in Sources */ = {isa = PBXBuildFile; fileRef = 6997A1F8247D495000E443C8 /* UserListCell.swift */; };
		6997A1FB247D4D4200E443C8 /* EditProfileVC.swift in Sources */ = {isa = PBXBuildFile; fileRef = 6997A1FA247D4D4200E443C8 /* EditProfileVC.swift */; };
		8516A06C3BC5090BD76238D8 /* Pods_DogGram.framework in Frameworks */ = {isa = PBXBuildFile; fileRef = 3B7C5A355149EC986A01F1A9 /* Pods_DogGram.framework */; };
		DA79145023CA7CB200B0E5D7 /* FeedViewController.swift in Sources */ = {isa = PBXBuildFile; fileRef = DA79144F23CA7CB200B0E5D7 /* FeedViewController.swift */; };
		DA79145223CA844600B0E5D7 /* UploadViewController.swift in Sources */ = {isa = PBXBuildFile; fileRef = DA79145123CA844600B0E5D7 /* UploadViewController.swift */; };
		DA79145423CA845C00B0E5D7 /* SettingsViewController.swift in Sources */ = {isa = PBXBuildFile; fileRef = DA79145323CA845C00B0E5D7 /* SettingsViewController.swift */; };
		DA8C82E923CC40BE0049081D /* FeedCell.swift in Sources */ = {isa = PBXBuildFile; fileRef = DA8C82E823CC40BE0049081D /* FeedCell.swift */; };
/* End PBXBuildFile section */

/* Begin PBXFileReference section */
		3B7C5A355149EC986A01F1A9 /* Pods_DogGram.framework */ = {isa = PBXFileReference; explicitFileType = wrapper.framework; includeInIndex = 0; path = Pods_DogGram.framework; sourceTree = BUILT_PRODUCTS_DIR; };
		57FBA16D2F8090C4C0BD9354 /* Pods-DogGram.release.xcconfig */ = {isa = PBXFileReference; includeInIndex = 1; lastKnownFileType = text.xcconfig; name = "Pods-DogGram.release.xcconfig"; path = "Target Support Files/Pods-DogGram/Pods-DogGram.release.xcconfig"; sourceTree = "<group>"; };
		6097ABFBB30C26E5F6E8F2EA /* Pods-DogGram.debug.xcconfig */ = {isa = PBXFileReference; includeInIndex = 1; lastKnownFileType = text.xcconfig; name = "Pods-DogGram.debug.xcconfig"; path = "Target Support Files/Pods-DogGram/Pods-DogGram.debug.xcconfig"; sourceTree = "<group>"; };
		6956E49023C61B360042697E /* DogGram.app */ = {isa = PBXFileReference; explicitFileType = wrapper.application; includeInIndex = 0; path = DogGram.app; sourceTree = BUILT_PRODUCTS_DIR; };
		6956E49323C61B360042697E /* AppDelegate.swift */ = {isa = PBXFileReference; lastKnownFileType = sourcecode.swift; path = AppDelegate.swift; sourceTree = "<group>"; };
		6956E49523C61B360042697E /* SceneDelegate.swift */ = {isa = PBXFileReference; lastKnownFileType = sourcecode.swift; path = SceneDelegate.swift; sourceTree = "<group>"; };
		6956E49723C61B360042697E /* LoginViewController.swift */ = {isa = PBXFileReference; lastKnownFileType = sourcecode.swift; path = LoginViewController.swift; sourceTree = "<group>"; };
		6956E49A23C61B360042697E /* Base */ = {isa = PBXFileReference; lastKnownFileType = file.storyboard; name = Base; path = Base.lproj/Main.storyboard; sourceTree = "<group>"; };
		6956E49C23C61B370042697E /* Assets.xcassets */ = {isa = PBXFileReference; lastKnownFileType = folder.assetcatalog; path = Assets.xcassets; sourceTree = "<group>"; };
		6956E49F23C61B370042697E /* Base */ = {isa = PBXFileReference; lastKnownFileType = file.storyboard; name = Base; path = Base.lproj/LaunchScreen.storyboard; sourceTree = "<group>"; };
		6956E4A123C61B370042697E /* Info.plist */ = {isa = PBXFileReference; lastKnownFileType = text.plist.xml; path = Info.plist; sourceTree = "<group>"; };
		6956E4A723C61FCC0042697E /* GoogleService-Info.plist */ = {isa = PBXFileReference; fileEncoding = 4; lastKnownFileType = text.plist.xml; path = "GoogleService-Info.plist"; sourceTree = "<group>"; };
		6997A1F8247D495000E443C8 /* UserListCell.swift */ = {isa = PBXFileReference; lastKnownFileType = sourcecode.swift; path = UserListCell.swift; sourceTree = "<group>"; };
		6997A1FA247D4D4200E443C8 /* EditProfileVC.swift */ = {isa = PBXFileReference; lastKnownFileType = sourcecode.swift; path = EditProfileVC.swift; sourceTree = "<group>"; };
		DA79144F23CA7CB200B0E5D7 /* FeedViewController.swift */ = {isa = PBXFileReference; lastKnownFileType = sourcecode.swift; path = FeedViewController.swift; sourceTree = "<group>"; };
		DA79145123CA844600B0E5D7 /* UploadViewController.swift */ = {isa = PBXFileReference; lastKnownFileType = sourcecode.swift; path = UploadViewController.swift; sourceTree = "<group>"; };
		DA79145323CA845C00B0E5D7 /* SettingsViewController.swift */ = {isa = PBXFileReference; lastKnownFileType = sourcecode.swift; path = SettingsViewController.swift; sourceTree = "<group>"; };
		DA8C82E823CC40BE0049081D /* FeedCell.swift */ = {isa = PBXFileReference; lastKnownFileType = sourcecode.swift; path = FeedCell.swift; sourceTree = "<group>"; };
/* End PBXFileReference section */

/* Begin PBXFrameworksBuildPhase section */
		6956E48D23C61B360042697E /* Frameworks */ = {
			isa = PBXFrameworksBuildPhase;
			buildActionMask = 2147483647;
			files = (
				8516A06C3BC5090BD76238D8 /* Pods_DogGram.framework in Frameworks */,
			);
			runOnlyForDeploymentPostprocessing = 0;
		};
/* End PBXFrameworksBuildPhase section */

/* Begin PBXGroup section */
		6956E48723C61B360042697E = {
			isa = PBXGroup;
			children = (
				6956E49223C61B360042697E /* DogGram */,
				6956E49123C61B360042697E /* Products */,
				BB565F4AD9C6149A2C10F564 /* Pods */,
				C427F4AD23117D302B83E031 /* Frameworks */,
			);
			sourceTree = "<group>";
		};
		6956E49123C61B360042697E /* Products */ = {
			isa = PBXGroup;
			children = (
				6956E49023C61B360042697E /* DogGram.app */,
			);
			name = Products;
			sourceTree = "<group>";
		};
		6956E49223C61B360042697E /* DogGram */ = {
			isa = PBXGroup;
			children = (
				DA79144E23CA7C9500B0E5D7 /* Models */,
				DA79144D23CA7C8A00B0E5D7 /* Views */,
				DA79144C23CA7C6200B0E5D7 /* Controllers */,
				6956E4A723C61FCC0042697E /* GoogleService-Info.plist */,
				6956E49323C61B360042697E /* AppDelegate.swift */,
				6956E49523C61B360042697E /* SceneDelegate.swift */,
				6956E49C23C61B370042697E /* Assets.xcassets */,
				6956E49E23C61B370042697E /* LaunchScreen.storyboard */,
				6956E4A123C61B370042697E /* Info.plist */,
			);
			path = DogGram;
			sourceTree = "<group>";
		};
		BB565F4AD9C6149A2C10F564 /* Pods */ = {
			isa = PBXGroup;
			children = (
				6097ABFBB30C26E5F6E8F2EA /* Pods-DogGram.debug.xcconfig */,
				57FBA16D2F8090C4C0BD9354 /* Pods-DogGram.release.xcconfig */,
			);
			path = Pods;
			sourceTree = "<group>";
		};
		C427F4AD23117D302B83E031 /* Frameworks */ = {
			isa = PBXGroup;
			children = (
				3B7C5A355149EC986A01F1A9 /* Pods_DogGram.framework */,
			);
			name = Frameworks;
			sourceTree = "<group>";
		};
		DA79144C23CA7C6200B0E5D7 /* Controllers */ = {
			isa = PBXGroup;
			children = (
				6956E49723C61B360042697E /* LoginViewController.swift */,
				DA79144F23CA7CB200B0E5D7 /* FeedViewController.swift */,
				DA79145123CA844600B0E5D7 /* UploadViewController.swift */,
				DA79145323CA845C00B0E5D7 /* SettingsViewController.swift */,
				6997A1FA247D4D4200E443C8 /* EditProfileVC.swift */,
			);
			path = Controllers;
			sourceTree = "<group>";
		};
		DA79144D23CA7C8A00B0E5D7 /* Views */ = {
			isa = PBXGroup;
			children = (
				6956E49923C61B360042697E /* Main.storyboard */,
			);
			path = Views;
			sourceTree = "<group>";
		};
		DA79144E23CA7C9500B0E5D7 /* Models */ = {
			isa = PBXGroup;
			children = (
				DA8C82E823CC40BE0049081D /* FeedCell.swift */,
				6997A1F8247D495000E443C8 /* UserListCell.swift */,
			);
			path = Models;
			sourceTree = "<group>";
		};
/* End PBXGroup section */

/* Begin PBXNativeTarget section */
		6956E48F23C61B360042697E /* DogGram */ = {
			isa = PBXNativeTarget;
			buildConfigurationList = 6956E4A423C61B370042697E /* Build configuration list for PBXNativeTarget "DogGram" */;
			buildPhases = (
				D6FF17A475E3304BFA4BD7D3 /* [CP] Check Pods Manifest.lock */,
				6956E48C23C61B360042697E /* Sources */,
				6956E48D23C61B360042697E /* Frameworks */,
				6956E48E23C61B360042697E /* Resources */,
				24274CCE806F937E87443833 /* [CP] Embed Pods Frameworks */,
			);
			buildRules = (
			);
			dependencies = (
			);
			name = DogGram;
			productName = DogGram;
			productReference = 6956E49023C61B360042697E /* DogGram.app */;
			productType = "com.apple.product-type.application";
		};
/* End PBXNativeTarget section */

/* Begin PBXProject section */
		6956E48823C61B360042697E /* Project object */ = {
			isa = PBXProject;
			attributes = {
				LastSwiftUpdateCheck = 1130;
				LastUpgradeCheck = 1130;
				ORGANIZATIONNAME = "Elderied McKinney";
				TargetAttributes = {
					6956E48F23C61B360042697E = {
						CreatedOnToolsVersion = 11.3;
					};
				};
			};
			buildConfigurationList = 6956E48B23C61B360042697E /* Build configuration list for PBXProject "DogGram" */;
			compatibilityVersion = "Xcode 9.3";
			developmentRegion = en;
			hasScannedForEncodings = 0;
			knownRegions = (
				en,
				Base,
			);
			mainGroup = 6956E48723C61B360042697E;
			productRefGroup = 6956E49123C61B360042697E /* Products */;
			projectDirPath = "";
			projectRoot = "";
			targets = (
				6956E48F23C61B360042697E /* DogGram */,
			);
		};
/* End PBXProject section */

/* Begin PBXResourcesBuildPhase section */
		6956E48E23C61B360042697E /* Resources */ = {
			isa = PBXResourcesBuildPhase;
			buildActionMask = 2147483647;
			files = (
				6956E4A023C61B370042697E /* LaunchScreen.storyboard in Resources */,
				6956E4A823C61FCC0042697E /* GoogleService-Info.plist in Resources */,
				6956E49D23C61B370042697E /* Assets.xcassets in Resources */,
				6956E49B23C61B360042697E /* Main.storyboard in Resources */,
			);
			runOnlyForDeploymentPostprocessing = 0;
		};
/* End PBXResourcesBuildPhase section */

/* Begin PBXShellScriptBuildPhase section */
		24274CCE806F937E87443833 /* [CP] Embed Pods Frameworks */ = {
			isa = PBXShellScriptBuildPhase;
			buildActionMask = 2147483647;
			files = (
			);
			inputFileListPaths = (
				"${PODS_ROOT}/Target Support Files/Pods-DogGram/Pods-DogGram-frameworks-${CONFIGURATION}-input-files.xcfilelist",
			);
			name = "[CP] Embed Pods Frameworks";
			outputFileListPaths = (
				"${PODS_ROOT}/Target Support Files/Pods-DogGram/Pods-DogGram-frameworks-${CONFIGURATION}-output-files.xcfilelist",
			);
			runOnlyForDeploymentPostprocessing = 0;
			shellPath = /bin/sh;
			shellScript = "\"${PODS_ROOT}/Target Support Files/Pods-DogGram/Pods-DogGram-frameworks.sh\"\n";
			showEnvVarsInLog = 0;
		};
		D6FF17A475E3304BFA4BD7D3 /* [CP] Check Pods Manifest.lock */ = {
			isa = PBXShellScriptBuildPhase;
			buildActionMask = 2147483647;
			files = (
			);
			inputFileListPaths = (
			);
			inputPaths = (
				"${PODS_PODFILE_DIR_PATH}/Podfile.lock",
				"${PODS_ROOT}/Manifest.lock",
			);
			name = "[CP] Check Pods Manifest.lock";
			outputFileListPaths = (
			);
			outputPaths = (
				"$(DERIVED_FILE_DIR)/Pods-DogGram-checkManifestLockResult.txt",
			);
			runOnlyForDeploymentPostprocessing = 0;
			shellPath = /bin/sh;
			shellScript = "diff \"${PODS_PODFILE_DIR_PATH}/Podfile.lock\" \"${PODS_ROOT}/Manifest.lock\" > /dev/null\nif [ $? != 0 ] ; then\n    # print error to STDERR\n    echo \"error: The sandbox is not in sync with the Podfile.lock. Run 'pod install' or update your CocoaPods installation.\" >&2\n    exit 1\nfi\n# This output is used by Xcode 'outputs' to avoid re-running this script phase.\necho \"SUCCESS\" > \"${SCRIPT_OUTPUT_FILE_0}\"\n";
			showEnvVarsInLog = 0;
		};
/* End PBXShellScriptBuildPhase section */

/* Begin PBXSourcesBuildPhase section */
		6956E48C23C61B360042697E /* Sources */ = {
			isa = PBXSourcesBuildPhase;
			buildActionMask = 2147483647;
			files = (
				6997A1F9247D495000E443C8 /* UserListCell.swift in Sources */,
				DA8C82E923CC40BE0049081D /* FeedCell.swift in Sources */,
				6956E49823C61B360042697E /* LoginViewController.swift in Sources */,
				DA79145223CA844600B0E5D7 /* UploadViewController.swift in Sources */,
				6997A1FB247D4D4200E443C8 /* EditProfileVC.swift in Sources */,
				6956E49423C61B360042697E /* AppDelegate.swift in Sources */,
				DA79145023CA7CB200B0E5D7 /* FeedViewController.swift in Sources */,
				6956E49623C61B360042697E /* SceneDelegate.swift in Sources */,
				DA79145423CA845C00B0E5D7 /* SettingsViewController.swift in Sources */,
			);
			runOnlyForDeploymentPostprocessing = 0;
		};
/* End PBXSourcesBuildPhase section */

/* Begin PBXVariantGroup section */
		6956E49923C61B360042697E /* Main.storyboard */ = {
			isa = PBXVariantGroup;
			children = (
				6956E49A23C61B360042697E /* Base */,
			);
			name = Main.storyboard;
			sourceTree = "<group>";
		};
		6956E49E23C61B370042697E /* LaunchScreen.storyboard */ = {
			isa = PBXVariantGroup;
			children = (
				6956E49F23C61B370042697E /* Base */,
			);
			name = LaunchScreen.storyboard;
			sourceTree = "<group>";
		};
/* End PBXVariantGroup section */

/* Begin XCBuildConfiguration section */
		6956E4A223C61B370042697E /* Debug */ = {
			isa = XCBuildConfiguration;
			buildSettings = {
				ALWAYS_SEARCH_USER_PATHS = NO;
				CLANG_ANALYZER_NONNULL = YES;
				CLANG_ANALYZER_NUMBER_OBJECT_CONVERSION = YES_AGGRESSIVE;
				CLANG_CXX_LANGUAGE_STANDARD = "gnu++14";
				CLANG_CXX_LIBRARY = "libc++";
				CLANG_ENABLE_MODULES = YES;
				CLANG_ENABLE_OBJC_ARC = YES;
				CLANG_ENABLE_OBJC_WEAK = YES;
				CLANG_WARN_BLOCK_CAPTURE_AUTORELEASING = YES;
				CLANG_WARN_BOOL_CONVERSION = YES;
				CLANG_WARN_COMMA = YES;
				CLANG_WARN_CONSTANT_CONVERSION = YES;
				CLANG_WARN_DEPRECATED_OBJC_IMPLEMENTATIONS = YES;
				CLANG_WARN_DIRECT_OBJC_ISA_USAGE = YES_ERROR;
				CLANG_WARN_DOCUMENTATION_COMMENTS = YES;
				CLANG_WARN_EMPTY_BODY = YES;
				CLANG_WARN_ENUM_CONVERSION = YES;
				CLANG_WARN_INFINITE_RECURSION = YES;
				CLANG_WARN_INT_CONVERSION = YES;
				CLANG_WARN_NON_LITERAL_NULL_CONVERSION = YES;
				CLANG_WARN_OBJC_IMPLICIT_RETAIN_SELF = YES;
				CLANG_WARN_OBJC_LITERAL_CONVERSION = YES;
				CLANG_WARN_OBJC_ROOT_CLASS = YES_ERROR;
				CLANG_WARN_RANGE_LOOP_ANALYSIS = YES;
				CLANG_WARN_STRICT_PROTOTYPES = YES;
				CLANG_WARN_SUSPICIOUS_MOVE = YES;
				CLANG_WARN_UNGUARDED_AVAILABILITY = YES_AGGRESSIVE;
				CLANG_WARN_UNREACHABLE_CODE = YES;
				CLANG_WARN__DUPLICATE_METHOD_MATCH = YES;
				COPY_PHASE_STRIP = NO;
				DEBUG_INFORMATION_FORMAT = dwarf;
				ENABLE_STRICT_OBJC_MSGSEND = YES;
				ENABLE_TESTABILITY = YES;
				GCC_C_LANGUAGE_STANDARD = gnu11;
				GCC_DYNAMIC_NO_PIC = NO;
				GCC_NO_COMMON_BLOCKS = YES;
				GCC_OPTIMIZATION_LEVEL = 0;
				GCC_PREPROCESSOR_DEFINITIONS = (
					"DEBUG=1",
					"$(inherited)",
				);
				GCC_WARN_64_TO_32_BIT_CONVERSION = YES;
				GCC_WARN_ABOUT_RETURN_TYPE = YES_ERROR;
				GCC_WARN_UNDECLARED_SELECTOR = YES;
				GCC_WARN_UNINITIALIZED_AUTOS = YES_AGGRESSIVE;
				GCC_WARN_UNUSED_FUNCTION = YES;
				GCC_WARN_UNUSED_VARIABLE = YES;
				IPHONEOS_DEPLOYMENT_TARGET = 13.2;
				MTL_ENABLE_DEBUG_INFO = INCLUDE_SOURCE;
				MTL_FAST_MATH = YES;
				ONLY_ACTIVE_ARCH = YES;
				SDKROOT = iphoneos;
				SWIFT_ACTIVE_COMPILATION_CONDITIONS = DEBUG;
				SWIFT_OPTIMIZATION_LEVEL = "-Onone";
			};
			name = Debug;
		};
		6956E4A323C61B370042697E /* Release */ = {
			isa = XCBuildConfiguration;
			buildSettings = {
				ALWAYS_SEARCH_USER_PATHS = NO;
				CLANG_ANALYZER_NONNULL = YES;
				CLANG_ANALYZER_NUMBER_OBJECT_CONVERSION = YES_AGGRESSIVE;
				CLANG_CXX_LANGUAGE_STANDARD = "gnu++14";
				CLANG_CXX_LIBRARY = "libc++";
				CLANG_ENABLE_MODULES = YES;
				CLANG_ENABLE_OBJC_ARC = YES;
				CLANG_ENABLE_OBJC_WEAK = YES;
				CLANG_WARN_BLOCK_CAPTURE_AUTORELEASING = YES;
				CLANG_WARN_BOOL_CONVERSION = YES;
				CLANG_WARN_COMMA = YES;
				CLANG_WARN_CONSTANT_CONVERSION = YES;
				CLANG_WARN_DEPRECATED_OBJC_IMPLEMENTATIONS = YES;
				CLANG_WARN_DIRECT_OBJC_ISA_USAGE = YES_ERROR;
				CLANG_WARN_DOCUMENTATION_COMMENTS = YES;
				CLANG_WARN_EMPTY_BODY = YES;
				CLANG_WARN_ENUM_CONVERSION = YES;
				CLANG_WARN_INFINITE_RECURSION = YES;
				CLANG_WARN_INT_CONVERSION = YES;
				CLANG_WARN_NON_LITERAL_NULL_CONVERSION = YES;
				CLANG_WARN_OBJC_IMPLICIT_RETAIN_SELF = YES;
				CLANG_WARN_OBJC_LITERAL_CONVERSION = YES;
				CLANG_WARN_OBJC_ROOT_CLASS = YES_ERROR;
				CLANG_WARN_RANGE_LOOP_ANALYSIS = YES;
				CLANG_WARN_STRICT_PROTOTYPES = YES;
				CLANG_WARN_SUSPICIOUS_MOVE = YES;
				CLANG_WARN_UNGUARDED_AVAILABILITY = YES_AGGRESSIVE;
				CLANG_WARN_UNREACHABLE_CODE = YES;
				CLANG_WARN__DUPLICATE_METHOD_MATCH = YES;
				COPY_PHASE_STRIP = NO;
				DEBUG_INFORMATION_FORMAT = "dwarf-with-dsym";
				ENABLE_NS_ASSERTIONS = NO;
				ENABLE_STRICT_OBJC_MSGSEND = YES;
				GCC_C_LANGUAGE_STANDARD = gnu11;
				GCC_NO_COMMON_BLOCKS = YES;
				GCC_WARN_64_TO_32_BIT_CONVERSION = YES;
				GCC_WARN_ABOUT_RETURN_TYPE = YES_ERROR;
				GCC_WARN_UNDECLARED_SELECTOR = YES;
				GCC_WARN_UNINITIALIZED_AUTOS = YES_AGGRESSIVE;
				GCC_WARN_UNUSED_FUNCTION = YES;
				GCC_WARN_UNUSED_VARIABLE = YES;
				IPHONEOS_DEPLOYMENT_TARGET = 13.2;
				MTL_ENABLE_DEBUG_INFO = NO;
				MTL_FAST_MATH = YES;
				SDKROOT = iphoneos;
				SWIFT_COMPILATION_MODE = wholemodule;
				SWIFT_OPTIMIZATION_LEVEL = "-O";
				VALIDATE_PRODUCT = YES;
			};
			name = Release;
		};
		6956E4A523C61B370042697E /* Debug */ = {
			isa = XCBuildConfiguration;
			baseConfigurationReference = 6097ABFBB30C26E5F6E8F2EA /* Pods-DogGram.debug.xcconfig */;
			buildSettings = {
				ASSETCATALOG_COMPILER_APPICON_NAME = AppIcon;
				CODE_SIGN_STYLE = Automatic;
				DEVELOPMENT_TEAM = S6TV694V53;
				INFOPLIST_FILE = DogGram/Info.plist;
				LD_RUNPATH_SEARCH_PATHS = (
					"$(inherited)",
					"@executable_path/Frameworks",
				);
				PRODUCT_BUNDLE_IDENTIFIER = com.DogGram;
				PRODUCT_NAME = "$(TARGET_NAME)";
				SWIFT_VERSION = 5.0;
				TARGETED_DEVICE_FAMILY = "1,2";
			};
			name = Debug;
		};
		6956E4A623C61B370042697E /* Release */ = {
			isa = XCBuildConfiguration;
			baseConfigurationReference = 57FBA16D2F8090C4C0BD9354 /* Pods-DogGram.release.xcconfig */;
			buildSettings = {
				ASSETCATALOG_COMPILER_APPICON_NAME = AppIcon;
				CODE_SIGN_STYLE = Automatic;
				DEVELOPMENT_TEAM = S6TV694V53;
				INFOPLIST_FILE = DogGram/Info.plist;
				LD_RUNPATH_SEARCH_PATHS = (
					"$(inherited)",
					"@executable_path/Frameworks",
				);
				PRODUCT_BUNDLE_IDENTIFIER = com.DogGram;
				PRODUCT_NAME = "$(TARGET_NAME)";
				SWIFT_VERSION = 5.0;
				TARGETED_DEVICE_FAMILY = "1,2";
			};
			name = Release;
		};
/* End XCBuildConfiguration section */

/* Begin XCConfigurationList section */
		6956E48B23C61B360042697E /* Build configuration list for PBXProject "DogGram" */ = {
			isa = XCConfigurationList;
			buildConfigurations = (
				6956E4A223C61B370042697E /* Debug */,
				6956E4A323C61B370042697E /* Release */,
			);
			defaultConfigurationIsVisible = 0;
			defaultConfigurationName = Release;
		};
		6956E4A423C61B370042697E /* Build configuration list for PBXNativeTarget "DogGram" */ = {
			isa = XCConfigurationList;
			buildConfigurations = (
				6956E4A523C61B370042697E /* Debug */,
				6956E4A623C61B370042697E /* Release */,
			);
			defaultConfigurationIsVisible = 0;
			defaultConfigurationName = Release;
		};
/* End XCConfigurationList section */
	};
	rootObject = 6956E48823C61B360042697E /* Project object */;
}
